// !$*UTF8*$!
{
	archiveVersion = 1;
	classes = {
	};
	objectVersion = 46;
	objects = {

/* Begin PBXBuildFile section */
		EEB77F511B6001F500E87054 /* AppDelegate.swift in Sources */ = {isa = PBXBuildFile; fileRef = EEB77F501B6001F500E87054 /* AppDelegate.swift */; };
		EEB77F541B6001F500E87054 /* AWSCognitoSwift.xcdatamodeld in Sources */ = {isa = PBXBuildFile; fileRef = EEB77F521B6001F500E87054 /* AWSCognitoSwift.xcdatamodeld */; };
		EEB77F561B6001F500E87054 /* ViewController.swift in Sources */ = {isa = PBXBuildFile; fileRef = EEB77F551B6001F500E87054 /* ViewController.swift */; };
		EEB77F591B6001F500E87054 /* Main.storyboard in Resources */ = {isa = PBXBuildFile; fileRef = EEB77F571B6001F500E87054 /* Main.storyboard */; };
		EEB77F5B1B6001F500E87054 /* Images.xcassets in Resources */ = {isa = PBXBuildFile; fileRef = EEB77F5A1B6001F500E87054 /* Images.xcassets */; };
		EEB77F5E1B6001F500E87054 /* LaunchScreen.xib in Resources */ = {isa = PBXBuildFile; fileRef = EEB77F5C1B6001F500E87054 /* LaunchScreen.xib */; };
		EEB77F6A1B6001F500E87054 /* AWSCognitoSwiftTests.swift in Sources */ = {isa = PBXBuildFile; fileRef = EEB77F691B6001F500E87054 /* AWSCognitoSwiftTests.swift */; };
/* End PBXBuildFile section */

/* Begin PBXContainerItemProxy section */
		EEB77F641B6001F500E87054 /* PBXContainerItemProxy */ = {
			isa = PBXContainerItemProxy;
			containerPortal = EEB77F431B6001F500E87054 /* Project object */;
			proxyType = 1;
			remoteGlobalIDString = EEB77F4A1B6001F500E87054;
			remoteInfo = AWSCognitoSwift;
		};
/* End PBXContainerItemProxy section */

/* Begin PBXFileReference section */
		EEB77F4B1B6001F500E87054 /* AWSCognitoSwift.app */ = {isa = PBXFileReference; explicitFileType = wrapper.application; includeInIndex = 0; path = AWSCognitoSwift.app; sourceTree = BUILT_PRODUCTS_DIR; };
		EEB77F4F1B6001F500E87054 /* Info.plist */ = {isa = PBXFileReference; lastKnownFileType = text.plist.xml; path = Info.plist; sourceTree = "<group>"; };
		EEB77F501B6001F500E87054 /* AppDelegate.swift */ = {isa = PBXFileReference; lastKnownFileType = sourcecode.swift; path = AppDelegate.swift; sourceTree = "<group>"; };
		EEB77F531B6001F500E87054 /* AWSCognitoSwift.xcdatamodel */ = {isa = PBXFileReference; lastKnownFileType = wrapper.xcdatamodel; path = AWSCognitoSwift.xcdatamodel; sourceTree = "<group>"; };
		EEB77F551B6001F500E87054 /* ViewController.swift */ = {isa = PBXFileReference; lastKnownFileType = sourcecode.swift; path = ViewController.swift; sourceTree = "<group>"; };
		EEB77F581B6001F500E87054 /* Base */ = {isa = PBXFileReference; lastKnownFileType = file.storyboard; name = Base; path = Base.lproj/Main.storyboard; sourceTree = "<group>"; };
		EEB77F5A1B6001F500E87054 /* Images.xcassets */ = {isa = PBXFileReference; lastKnownFileType = folder.assetcatalog; path = Images.xcassets; sourceTree = "<group>"; };
		EEB77F5D1B6001F500E87054 /* Base */ = {isa = PBXFileReference; lastKnownFileType = file.xib; name = Base; path = Base.lproj/LaunchScreen.xib; sourceTree = "<group>"; };
		EEB77F631B6001F500E87054 /* AWSCognitoSwiftTests.xctest */ = {isa = PBXFileReference; explicitFileType = wrapper.cfbundle; includeInIndex = 0; path = AWSCognitoSwiftTests.xctest; sourceTree = BUILT_PRODUCTS_DIR; };
		EEB77F681B6001F500E87054 /* Info.plist */ = {isa = PBXFileReference; lastKnownFileType = text.plist.xml; path = Info.plist; sourceTree = "<group>"; };
		EEB77F691B6001F500E87054 /* AWSCognitoSwiftTests.swift */ = {isa = PBXFileReference; lastKnownFileType = sourcecode.swift; path = AWSCognitoSwiftTests.swift; sourceTree = "<group>"; };
/* End PBXFileReference section */

/* Begin PBXFrameworksBuildPhase section */
		EEB77F481B6001F500E87054 /* Frameworks */ = {
			isa = PBXFrameworksBuildPhase;
			buildActionMask = 2147483647;
			files = (
			);
			runOnlyForDeploymentPostprocessing = 0;
		};
		EEB77F601B6001F500E87054 /* Frameworks */ = {
			isa = PBXFrameworksBuildPhase;
			buildActionMask = 2147483647;
			files = (
			);
			runOnlyForDeploymentPostprocessing = 0;
		};
/* End PBXFrameworksBuildPhase section */

/* Begin PBXGroup section */
		EEB77F421B6001F500E87054 = {
			isa = PBXGroup;
			children = (
				EEB77F4D1B6001F500E87054 /* AWSCognitoSwift */,
				EEB77F661B6001F500E87054 /* AWSCognitoSwiftTests */,
				EEB77F4C1B6001F500E87054 /* Products */,
			);
			sourceTree = "<group>";
		};
		EEB77F4C1B6001F500E87054 /* Products */ = {
			isa = PBXGroup;
			children = (
				EEB77F4B1B6001F500E87054 /* AWSCognitoSwift.app */,
				EEB77F631B6001F500E87054 /* AWSCognitoSwiftTests.xctest */,
			);
			name = Products;
			sourceTree = "<group>";
		};
		EEB77F4D1B6001F500E87054 /* AWSCognitoSwift */ = {
			isa = PBXGroup;
			children = (
				EEB77F501B6001F500E87054 /* AppDelegate.swift */,
				EEB77F551B6001F500E87054 /* ViewController.swift */,
				EEB77F571B6001F500E87054 /* Main.storyboard */,
				EEB77F5A1B6001F500E87054 /* Images.xcassets */,
				EEB77F5C1B6001F500E87054 /* LaunchScreen.xib */,
				EEB77F521B6001F500E87054 /* AWSCognitoSwift.xcdatamodeld */,
				EEB77F4E1B6001F500E87054 /* Supporting Files */,
			);
			path = AWSCognitoSwift;
			sourceTree = "<group>";
		};
		EEB77F4E1B6001F500E87054 /* Supporting Files */ = {
			isa = PBXGroup;
			children = (
				EEB77F4F1B6001F500E87054 /* Info.plist */,
			);
			name = "Supporting Files";
			sourceTree = "<group>";
		};
		EEB77F661B6001F500E87054 /* AWSCognitoSwiftTests */ = {
			isa = PBXGroup;
			children = (
				EEB77F691B6001F500E87054 /* AWSCognitoSwiftTests.swift */,
				EEB77F671B6001F500E87054 /* Supporting Files */,
			);
			path = AWSCognitoSwiftTests;
			sourceTree = "<group>";
		};
		EEB77F671B6001F500E87054 /* Supporting Files */ = {
			isa = PBXGroup;
			children = (
				EEB77F681B6001F500E87054 /* Info.plist */,
			);
			name = "Supporting Files";
			sourceTree = "<group>";
		};
/* End PBXGroup section */

/* Begin PBXNativeTarget section */
		EEB77F4A1B6001F500E87054 /* AWSCognitoSwift */ = {
			isa = PBXNativeTarget;
			buildConfigurationList = EEB77F6D1B6001F500E87054 /* Build configuration list for PBXNativeTarget "AWSCognitoSwift" */;
			buildPhases = (
				EEB77F471B6001F500E87054 /* Sources */,
				EEB77F481B6001F500E87054 /* Frameworks */,
				EEB77F491B6001F500E87054 /* Resources */,
			);
			buildRules = (
			);
			dependencies = (
			);
			name = AWSCognitoSwift;
			productName = AWSCognitoSwift;
			productReference = EEB77F4B1B6001F500E87054 /* AWSCognitoSwift.app */;
			productType = "com.apple.product-type.application";
		};
		EEB77F621B6001F500E87054 /* AWSCognitoSwiftTests */ = {
			isa = PBXNativeTarget;
			buildConfigurationList = EEB77F701B6001F500E87054 /* Build configuration list for PBXNativeTarget "AWSCognitoSwiftTests" */;
			buildPhases = (
				EEB77F5F1B6001F500E87054 /* Sources */,
				EEB77F601B6001F500E87054 /* Frameworks */,
				EEB77F611B6001F500E87054 /* Resources */,
			);
			buildRules = (
			);
			dependencies = (
				EEB77F651B6001F500E87054 /* PBXTargetDependency */,
			);
			name = AWSCognitoSwiftTests;
			productName = AWSCognitoSwiftTests;
			productReference = EEB77F631B6001F500E87054 /* AWSCognitoSwiftTests.xctest */;
			productType = "com.apple.product-type.bundle.unit-test";
		};
/* End PBXNativeTarget section */

/* Begin PBXProject section */
		EEB77F431B6001F500E87054 /* Project object */ = {
			isa = PBXProject;
			attributes = {
				LastUpgradeCheck = 0640;
				ORGANIZATIONNAME = IVET;
				TargetAttributes = {
					EEB77F4A1B6001F500E87054 = {
						CreatedOnToolsVersion = 6.4;
					};
					EEB77F621B6001F500E87054 = {
						CreatedOnToolsVersion = 6.4;
						TestTargetID = EEB77F4A1B6001F500E87054;
					};
				};
			};
			buildConfigurationList = EEB77F461B6001F500E87054 /* Build configuration list for PBXProject "AWSCognitoSwift" */;
			compatibilityVersion = "Xcode 3.2";
			developmentRegion = English;
			hasScannedForEncodings = 0;
			knownRegions = (
				en,
				Base,
			);
			mainGroup = EEB77F421B6001F500E87054;
			productRefGroup = EEB77F4C1B6001F500E87054 /* Products */;
			projectDirPath = "";
			projectRoot = "";
			targets = (
				EEB77F4A1B6001F500E87054 /* AWSCognitoSwift */,
				EEB77F621B6001F500E87054 /* AWSCognitoSwiftTests */,
			);
		};
/* End PBXProject section */

/* Begin PBXResourcesBuildPhase section */
		EEB77F491B6001F500E87054 /* Resources */ = {
			isa = PBXResourcesBuildPhase;
			buildActionMask = 2147483647;
			files = (
				EEB77F591B6001F500E87054 /* Main.storyboard in Resources */,
				EEB77F5E1B6001F500E87054 /* LaunchScreen.xib in Resources */,
				EEB77F5B1B6001F500E87054 /* Images.xcassets in Resources */,
			);
			runOnlyForDeploymentPostprocessing = 0;
		};
		EEB77F611B6001F500E87054 /* Resources */ = {
			isa = PBXResourcesBuildPhase;
			buildActionMask = 2147483647;
			files = (
			);
			runOnlyForDeploymentPostprocessing = 0;
		};
/* End PBXResourcesBuildPhase section */

/* Begin PBXSourcesBuildPhase section */
		EEB77F471B6001F500E87054 /* Sources */ = {
			isa = PBXSourcesBuildPhase;
			buildActionMask = 2147483647;
			files = (
				EEB77F561B6001F500E87054 /* ViewController.swift in Sources */,
				EEB77F511B6001F500E87054 /* AppDelegate.swift in Sources */,
				EEB77F541B6001F500E87054 /* AWSCognitoSwift.xcdatamodeld in Sources */,
			);
			runOnlyForDeploymentPostprocessing = 0;
		};
		EEB77F5F1B6001F500E87054 /* Sources */ = {
			isa = PBXSourcesBuildPhase;
			buildActionMask = 2147483647;
			files = (
				EEB77F6A1B6001F500E87054 /* AWSCognitoSwiftTests.swift in Sources */,
			);
			runOnlyForDeploymentPostprocessing = 0;
		};
/* End PBXSourcesBuildPhase section */

/* Begin PBXTargetDependency section */
		EEB77F651B6001F500E87054 /* PBXTargetDependency */ = {
			isa = PBXTargetDependency;
			target = EEB77F4A1B6001F500E87054 /* AWSCognitoSwift */;
			targetProxy = EEB77F641B6001F500E87054 /* PBXContainerItemProxy */;
		};
/* End PBXTargetDependency section */

/* Begin PBXVariantGroup section */
		EEB77F571B6001F500E87054 /* Main.storyboard */ = {
			isa = PBXVariantGroup;
			children = (
				EEB77F581B6001F500E87054 /* Base */,
			);
			name = Main.storyboard;
			sourceTree = "<group>";
		};
		EEB77F5C1B6001F500E87054 /* LaunchScreen.xib */ = {
			isa = PBXVariantGroup;
			children = (
				EEB77F5D1B6001F500E87054 /* Base */,
			);
			name = LaunchScreen.xib;
			sourceTree = "<group>";
		};
/* End PBXVariantGroup section */

/* Begin XCBuildConfiguration section */
		EEB77F6B1B6001F500E87054 /* Debug */ = {
			isa = XCBuildConfiguration;
			buildSettings = {
				ALWAYS_SEARCH_USER_PATHS = NO;
				CLANG_CXX_LANGUAGE_STANDARD = "gnu++0x";
				CLANG_CXX_LIBRARY = "libc++";
				CLANG_ENABLE_MODULES = YES;
				CLANG_ENABLE_OBJC_ARC = YES;
				CLANG_WARN_BOOL_CONVERSION = YES;
				CLANG_WARN_CONSTANT_CONVERSION = YES;
				CLANG_WARN_DIRECT_OBJC_ISA_USAGE = YES_ERROR;
				CLANG_WARN_EMPTY_BODY = YES;
				CLANG_WARN_ENUM_CONVERSION = YES;
				CLANG_WARN_INT_CONVERSION = YES;
				CLANG_WARN_OBJC_ROOT_CLASS = YES_ERROR;
				CLANG_WARN_UNREACHABLE_CODE = YES;
				CLANG_WARN__DUPLICATE_METHOD_MATCH = YES;
				"CODE_SIGN_IDENTITY[sdk=iphoneos*]" = "iPhone Developer";
				COPY_PHASE_STRIP = NO;
				DEBUG_INFORMATION_FORMAT = "dwarf-with-dsym";
				ENABLE_STRICT_OBJC_MSGSEND = YES;
				GCC_C_LANGUAGE_STANDARD = gnu99;
				GCC_DYNAMIC_NO_PIC = NO;
				GCC_NO_COMMON_BLOCKS = YES;
				GCC_OPTIMIZATION_LEVEL = 0;
				GCC_PREPROCESSOR_DEFINITIONS = (
					"DEBUG=1",
					"$(inherited)",
				);
				GCC_SYMBOLS_PRIVATE_EXTERN = NO;
				GCC_WARN_64_TO_32_BIT_CONVERSION = YES;
				GCC_WARN_ABOUT_RETURN_TYPE = YES_ERROR;
				GCC_WARN_UNDECLARED_SELECTOR = YES;
				GCC_WARN_UNINITIALIZED_AUTOS = YES_AGGRESSIVE;
				GCC_WARN_UNUSED_FUNCTION = YES;
				GCC_WARN_UNUSED_VARIABLE = YES;
				IPHONEOS_DEPLOYMENT_TARGET = 8.4;
				MTL_ENABLE_DEBUG_INFO = YES;
				ONLY_ACTIVE_ARCH = YES;
				SDKROOT = iphoneos;
				SWIFT_OPTIMIZATION_LEVEL = "-Onone";
			};
			name = Debug;
		};
		EEB77F6C1B6001F500E87054 /* Release */ = {
			isa = XCBuildConfiguration;
			buildSettings = {
				ALWAYS_SEARCH_USER_PATHS = NO;
				CLANG_CXX_LANGUAGE_STANDARD = "gnu++0x";
				CLANG_CXX_LIBRARY = "libc++";
				CLANG_ENABLE_MODULES = YES;
				CLANG_ENABLE_OBJC_ARC = YES;
				CLANG_WARN_BOOL_CONVERSION = YES;
				CLANG_WARN_CONSTANT_CONVERSION = YES;
				CLANG_WARN_DIRECT_OBJC_ISA_USAGE = YES_ERROR;
				CLANG_WARN_EMPTY_BODY = YES;
				CLANG_WARN_ENUM_CONVERSION = YES;
				CLANG_WARN_INT_CONVERSION = YES;
				CLANG_WARN_OBJC_ROOT_CLASS = YES_ERROR;
				CLANG_WARN_UNREACHABLE_CODE = YES;
				CLANG_WARN__DUPLICATE_METHOD_MATCH = YES;
				"CODE_SIGN_IDENTITY[sdk=iphoneos*]" = "iPhone Developer";
				COPY_PHASE_STRIP = NO;
				DEBUG_INFORMATION_FORMAT = "dwarf-with-dsym";
				ENABLE_NS_ASSERTIONS = NO;
				ENABLE_STRICT_OBJC_MSGSEND = YES;
				GCC_C_LANGUAGE_STANDARD = gnu99;
				GCC_NO_COMMON_BLOCKS = YES;
				GCC_WARN_64_TO_32_BIT_CONVERSION = YES;
				GCC_WARN_ABOUT_RETURN_TYPE = YES_ERROR;
				GCC_WARN_UNDECLARED_SELECTOR = YES;
				GCC_WARN_UNINITIALIZED_AUTOS = YES_AGGRESSIVE;
				GCC_WARN_UNUSED_FUNCTION = YES;
				GCC_WARN_UNUSED_VARIABLE = YES;
				IPHONEOS_DEPLOYMENT_TARGET = 8.4;
				MTL_ENABLE_DEBUG_INFO = NO;
				SDKROOT = iphoneos;
				VALIDATE_PRODUCT = YES;
			};
			name = Release;
		};
		EEB77F6E1B6001F500E87054 /* Debug */ = {
			isa = XCBuildConfiguration;
			buildSettings = {
				ASSETCATALOG_COMPILER_APPICON_NAME = AppIcon;
				INFOPLIST_FILE = AWSCognitoSwift/Info.plist;
				LD_RUNPATH_SEARCH_PATHS = "$(inherited) @executable_path/Frameworks";
				PRODUCT_NAME = "$(TARGET_NAME)";
			};
			name = Debug;
		};
		EEB77F6F1B6001F500E87054 /* Release */ = {
			isa = XCBuildConfiguration;
			buildSettings = {
				ASSETCATALOG_COMPILER_APPICON_NAME = AppIcon;
				INFOPLIST_FILE = AWSCognitoSwift/Info.plist;
				LD_RUNPATH_SEARCH_PATHS = "$(inherited) @executable_path/Frameworks";
				PRODUCT_NAME = "$(TARGET_NAME)";
			};
			name = Release;
		};
		EEB77F711B6001F500E87054 /* Debug */ = {
			isa = XCBuildConfiguration;
			buildSettings = {
				BUNDLE_LOADER = "$(TEST_HOST)";
				FRAMEWORK_SEARCH_PATHS = (
					"$(SDKROOT)/Developer/Library/Frameworks",
					"$(inherited)",
				);
				GCC_PREPROCESSOR_DEFINITIONS = (
					"DEBUG=1",
					"$(inherited)",
				);
				INFOPLIST_FILE = AWSCognitoSwiftTests/Info.plist;
				LD_RUNPATH_SEARCH_PATHS = "$(inherited) @executable_path/Frameworks @loader_path/Frameworks";
				PRODUCT_NAME = "$(TARGET_NAME)";
				TEST_HOST = "$(BUILT_PRODUCTS_DIR)/AWSCognitoSwift.app/AWSCognitoSwift";
			};
			name = Debug;
		};
		EEB77F721B6001F500E87054 /* Release */ = {
			isa = XCBuildConfiguration;
			buildSettings = {
				BUNDLE_LOADER = "$(TEST_HOST)";
				FRAMEWORK_SEARCH_PATHS = (
					"$(SDKROOT)/Developer/Library/Frameworks",
					"$(inherited)",
				);
				INFOPLIST_FILE = AWSCognitoSwiftTests/Info.plist;
				LD_RUNPATH_SEARCH_PATHS = "$(inherited) @executable_path/Frameworks @loader_path/Frameworks";
				PRODUCT_NAME = "$(TARGET_NAME)";
				TEST_HOST = "$(BUILT_PRODUCTS_DIR)/AWSCognitoSwift.app/AWSCognitoSwift";
			};
			name = Release;
		};
/* End XCBuildConfiguration section */

/* Begin XCConfigurationList section */
		EEB77F461B6001F500E87054 /* Build configuration list for PBXProject "AWSCognitoSwift" */ = {
			isa = XCConfigurationList;
			buildConfigurations = (
				EEB77F6B1B6001F500E87054 /* Debug */,
				EEB77F6C1B6001F500E87054 /* Release */,
			);
			defaultConfigurationIsVisible = 0;
			defaultConfigurationName = Release;
		};
		EEB77F6D1B6001F500E87054 /* Build configuration list for PBXNativeTarget "AWSCognitoSwift" */ = {
			isa = XCConfigurationList;
			buildConfigurations = (
				EEB77F6E1B6001F500E87054 /* Debug */,
				EEB77F6F1B6001F500E87054 /* Release */,
			);
			defaultConfigurationIsVisible = 0;
		};
		EEB77F701B6001F500E87054 /* Build configuration list for PBXNativeTarget "AWSCognitoSwiftTests" */ = {
			isa = XCConfigurationList;
			buildConfigurations = (
				EEB77F711B6001F500E87054 /* Debug */,
				EEB77F721B6001F500E87054 /* Release */,
			);
			defaultConfigurationIsVisible = 0;
		};
/* End XCConfigurationList section */

/* Begin XCVersionGroup section */
		EEB77F521B6001F500E87054 /* AWSCognitoSwift.xcdatamodeld */ = {
			isa = XCVersionGroup;
			children = (
				EEB77F531B6001F500E87054 /* AWSCognitoSwift.xcdatamodel */,
			);
			currentVersion = EEB77F531B6001F500E87054 /* AWSCognitoSwift.xcdatamodel */;
			path = AWSCognitoSwift.xcdatamodeld;
			sourceTree = "<group>";
			versionGroupType = wrapper.xcdatamodel;
		};
/* End XCVersionGroup section */
	};
	rootObject = EEB77F431B6001F500E87054 /* Project object */;
}
